<?xml version="1.0" encoding="utf-8"?>
<Project ToolsVersion="4.0" xmlns="http://schemas.microsoft.com/developer/msbuild/2003">
  <ItemGroup>
    <ClInclude Include="distribution.hpp">
      <Filter>Header Files</Filter>
    </ClInclude>
    <ClInclude Include="gauss_mixture_model.hpp">
      <Filter>Header Files</Filter>
    </ClInclude>
    <ClInclude Include="k_mean.hpp">
      <Filter>Header Files</Filter>
    </ClInclude>
    <ClInclude Include="metric.hpp">
      <Filter>Header Files</Filter>
    </ClInclude>
    <ClInclude Include="missing_data.hpp">
      <Filter>Header Files</Filter>
    </ClInclude>
    <ClInclude Include="pca.hpp">
      <Filter>Header Files</Filter>
    </ClInclude>
    <ClInclude Include="sample.hpp">
      <Filter>Header Files</Filter>
    </ClInclude>
  </ItemGroup>
  <ItemGroup>
    <Filter Include="Header Files">
      <UniqueIdentifier>{28eed3ed-186c-47ee-9b34-ce697f00a48d}</UniqueIdentifier>
    </Filter>
    <Filter Include="Source Files">
      <UniqueIdentifier>{37dab406-3f81-434d-bda1-bd3335dda96a}</UniqueIdentifier>
    </Filter>
    <Filter Include="Resource Files">
      <UniqueIdentifier>{fbdcc232-3e2e-465e-8c19-69971aa9ccc7}</UniqueIdentifier>
    </Filter>
  </ItemGroup>
  <ItemGroup>
    <ClCompile Include="main.cpp">
      <Filter>Source Files</Filter>
    </ClCompile>
  </ItemGroup>
</Project>